
Microsoft Visual Studio Solution File, Format Version 12.00
# Visual Studio Version 17
VisualStudioVersion = 17.11.35327.3
MinimumVisualStudioVersion = 10.0.40219.1
Project("{FAE04EC0-301F-11D3-BF4B-00C04F79EFBC}") = "ConsoleApp11-3-hw", "ConsoleApp11-3-hw.csproj", "{C710F916-02FF-40DC-879B-A2A8843BA315}"
EndProject
Global
	GlobalSection(SolutionConfigurationPlatforms) = preSolution
		Debug|Any CPU = Debug|Any CPU
		Release|Any CPU = Release|Any CPU
	EndGlobalSection
	GlobalSection(ProjectConfigurationPlatforms) = postSolution
		{C710F916-02FF-40DC-879B-A2A8843BA315}.Debug|Any CPU.ActiveCfg = Debug|Any CPU
		{C710F916-02FF-40DC-879B-A2A8843BA315}.Debug|Any CPU.Build.0 = Debug|Any CPU
		{C710F916-02FF-40DC-879B-A2A8843BA315}.Release|Any CPU.ActiveCfg = Release|Any CPU
		{C710F916-02FF-40DC-879B-A2A8843BA315}.Release|Any CPU.Build.0 = Release|Any CPU
	EndGlobalSection
	GlobalSection(SolutionProperties) = preSolution
		HideSolutionNode = FALSE
	EndGlobalSection
	GlobalSection(ExtensibilityGlobals) = postSolution
		SolutionGuid = {46EE1861-D1D5-4A44-A80B-78B2AC3FE5A5}
	EndGlobalSection
EndGlobal
