
Microsoft Visual Studio Solution File, Format Version 12.00
# Visual Studio Version 17
VisualStudioVersion = 17.11.35327.3
MinimumVisualStudioVersion = 10.0.40219.1
Project("{FAE04EC0-301F-11D3-BF4B-00C04F79EFBC}") = "ConsoleApp11-2-cw", "ConsoleApp11-2-cw.csproj", "{F28F8A65-FC0B-4A28-9146-BA18302C3450}"
EndProject
Global
	GlobalSection(SolutionConfigurationPlatforms) = preSolution
		Debug|Any CPU = Debug|Any CPU
		Release|Any CPU = Release|Any CPU
	EndGlobalSection
	GlobalSection(ProjectConfigurationPlatforms) = postSolution
		{F28F8A65-FC0B-4A28-9146-BA18302C3450}.Debug|Any CPU.ActiveCfg = Debug|Any CPU
		{F28F8A65-FC0B-4A28-9146-BA18302C3450}.Debug|Any CPU.Build.0 = Debug|Any CPU
		{F28F8A65-FC0B-4A28-9146-BA18302C3450}.Release|Any CPU.ActiveCfg = Release|Any CPU
		{F28F8A65-FC0B-4A28-9146-BA18302C3450}.Release|Any CPU.Build.0 = Release|Any CPU
	EndGlobalSection
	GlobalSection(SolutionProperties) = preSolution
		HideSolutionNode = FALSE
	EndGlobalSection
	GlobalSection(ExtensibilityGlobals) = postSolution
		SolutionGuid = {F01BC0F2-A774-47BD-8A41-9C0652998E0B}
	EndGlobalSection
EndGlobal
